// !$*UTF8*$!
{
	archiveVersion = 1;
	classes = {
	};
	objectVersion = 56;
	objects = {

/* Begin PBXBuildFile section */
		890BA9372BD4F24800E77079 /* AppDelegate.swift in Sources */ = {isa = PBXBuildFile; fileRef = 890BA9362BD4F24800E77079 /* AppDelegate.swift */; };
		890BA9392BD4F24800E77079 /* SceneDelegate.swift in Sources */ = {isa = PBXBuildFile; fileRef = 890BA9382BD4F24800E77079 /* SceneDelegate.swift */; };
		890BA9402BD4F24A00E77079 /* Assets.xcassets in Resources */ = {isa = PBXBuildFile; fileRef = 890BA93F2BD4F24A00E77079 /* Assets.xcassets */; };
		890BA9432BD4F24A00E77079 /* LaunchScreen.storyboard in Resources */ = {isa = PBXBuildFile; fileRef = 890BA9412BD4F24A00E77079 /* LaunchScreen.storyboard */; };
		890BA9532BD4F46A00E77079 /* Protocols.swift in Sources */ = {isa = PBXBuildFile; fileRef = 890BA9522BD4F46A00E77079 /* Protocols.swift */; };
		890BA9552BD4F49100E77079 /* User.swift in Sources */ = {isa = PBXBuildFile; fileRef = 890BA9542BD4F49100E77079 /* User.swift */; };
		890BA9572BD4F50800E77079 /* UserListViewController.swift in Sources */ = {isa = PBXBuildFile; fileRef = 890BA9562BD4F50800E77079 /* UserListViewController.swift */; };
		890BA9592BD4F5D200E77079 /* UserListPresenter.swift in Sources */ = {isa = PBXBuildFile; fileRef = 890BA9582BD4F5D200E77079 /* UserListPresenter.swift */; };
		890BA95B2BD4F75700E77079 /* UserListInteractor.swift in Sources */ = {isa = PBXBuildFile; fileRef = 890BA95A2BD4F75700E77079 /* UserListInteractor.swift */; };
		890BA95D2BD4F84A00E77079 /* UserListRouter.swift in Sources */ = {isa = PBXBuildFile; fileRef = 890BA95C2BD4F84A00E77079 /* UserListRouter.swift */; };
		897E80C82BD532D500BE5456 /* UserDetailProtocols.swift in Sources */ = {isa = PBXBuildFile; fileRef = 897E80C72BD532D500BE5456 /* UserDetailProtocols.swift */; };
		897E80CB2BD5334900BE5456 /* UserDetailController.swift in Sources */ = {isa = PBXBuildFile; fileRef = 897E80CA2BD5334900BE5456 /* UserDetailController.swift */; };
		897E80CE2BD5337B00BE5456 /* UserDetailsRouter.swift in Sources */ = {isa = PBXBuildFile; fileRef = 897E80CD2BD5337B00BE5456 /* UserDetailsRouter.swift */; };
/* End PBXBuildFile section */

/* Begin PBXFileReference section */
		890BA9332BD4F24800E77079 /* VIPER-ChatGpt.app */ = {isa = PBXFileReference; explicitFileType = wrapper.application; includeInIndex = 0; path = "VIPER-ChatGpt.app"; sourceTree = BUILT_PRODUCTS_DIR; };
		890BA9362BD4F24800E77079 /* AppDelegate.swift */ = {isa = PBXFileReference; lastKnownFileType = sourcecode.swift; path = AppDelegate.swift; sourceTree = "<group>"; };
		890BA9382BD4F24800E77079 /* SceneDelegate.swift */ = {isa = PBXFileReference; lastKnownFileType = sourcecode.swift; path = SceneDelegate.swift; sourceTree = "<group>"; };
		890BA93F2BD4F24A00E77079 /* Assets.xcassets */ = {isa = PBXFileReference; lastKnownFileType = folder.assetcatalog; path = Assets.xcassets; sourceTree = "<group>"; };
		890BA9422BD4F24A00E77079 /* Base */ = {isa = PBXFileReference; lastKnownFileType = file.storyboard; name = Base; path = Base.lproj/LaunchScreen.storyboard; sourceTree = "<group>"; };
		890BA9442BD4F24A00E77079 /* Info.plist */ = {isa = PBXFileReference; lastKnownFileType = text.plist.xml; path = Info.plist; sourceTree = "<group>"; };
		890BA9522BD4F46A00E77079 /* Protocols.swift */ = {isa = PBXFileReference; lastKnownFileType = sourcecode.swift; path = Protocols.swift; sourceTree = "<group>"; };
		890BA9542BD4F49100E77079 /* User.swift */ = {isa = PBXFileReference; lastKnownFileType = sourcecode.swift; path = User.swift; sourceTree = "<group>"; };
		890BA9562BD4F50800E77079 /* UserListViewController.swift */ = {isa = PBXFileReference; lastKnownFileType = sourcecode.swift; path = UserListViewController.swift; sourceTree = "<group>"; };
		890BA9582BD4F5D200E77079 /* UserListPresenter.swift */ = {isa = PBXFileReference; lastKnownFileType = sourcecode.swift; path = UserListPresenter.swift; sourceTree = "<group>"; };
		890BA95A2BD4F75700E77079 /* UserListInteractor.swift */ = {isa = PBXFileReference; lastKnownFileType = sourcecode.swift; path = UserListInteractor.swift; sourceTree = "<group>"; };
		890BA95C2BD4F84A00E77079 /* UserListRouter.swift */ = {isa = PBXFileReference; lastKnownFileType = sourcecode.swift; path = UserListRouter.swift; sourceTree = "<group>"; };
		897E80C72BD532D500BE5456 /* UserDetailProtocols.swift */ = {isa = PBXFileReference; lastKnownFileType = sourcecode.swift; path = UserDetailProtocols.swift; sourceTree = "<group>"; };
		897E80CA2BD5334900BE5456 /* UserDetailController.swift */ = {isa = PBXFileReference; lastKnownFileType = sourcecode.swift; path = UserDetailController.swift; sourceTree = "<group>"; };
		897E80CD2BD5337B00BE5456 /* UserDetailsRouter.swift */ = {isa = PBXFileReference; lastKnownFileType = sourcecode.swift; path = UserDetailsRouter.swift; sourceTree = "<group>"; };
/* End PBXFileReference section */

/* Begin PBXFrameworksBuildPhase section */
		890BA9302BD4F24800E77079 /* Frameworks */ = {
			isa = PBXFrameworksBuildPhase;
			buildActionMask = 2147483647;
			files = (
			);
			runOnlyForDeploymentPostprocessing = 0;
		};
/* End PBXFrameworksBuildPhase section */

/* Begin PBXGroup section */
		890BA92A2BD4F24800E77079 = {
			isa = PBXGroup;
			children = (
				890BA9352BD4F24800E77079 /* VIPER-ChatGpt */,
				890BA9342BD4F24800E77079 /* Products */,
			);
			sourceTree = "<group>";
		};
		890BA9342BD4F24800E77079 /* Products */ = {
			isa = PBXGroup;
			children = (
				890BA9332BD4F24800E77079 /* VIPER-ChatGpt.app */,
			);
			name = Products;
			sourceTree = "<group>";
		};
		890BA9352BD4F24800E77079 /* VIPER-ChatGpt */ = {
			isa = PBXGroup;
			children = (
				890BA9502BD4F3F500E77079 /* Entity */,
				890BA94A2BD4F32C00E77079 /* Modules */,
				890BA9362BD4F24800E77079 /* AppDelegate.swift */,
				890BA9382BD4F24800E77079 /* SceneDelegate.swift */,
				890BA93F2BD4F24A00E77079 /* Assets.xcassets */,
				890BA9412BD4F24A00E77079 /* LaunchScreen.storyboard */,
				890BA9442BD4F24A00E77079 /* Info.plist */,
			);
			path = "VIPER-ChatGpt";
			sourceTree = "<group>";
		};
		890BA94A2BD4F32C00E77079 /* Modules */ = {
			isa = PBXGroup;
			children = (
				897E80C52BD532AA00BE5456 /* UserDetail */,
				890BA94B2BD4F33F00E77079 /* UserList */,
			);
			path = Modules;
			sourceTree = "<group>";
		};
		890BA94B2BD4F33F00E77079 /* UserList */ = {
			isa = PBXGroup;
			children = (
				890BA9512BD4F40A00E77079 /* Protocols */,
				890BA94C2BD4F34B00E77079 /* View */,
				890BA94D2BD4F35200E77079 /* Interactor */,
				890BA94E2BD4F3DB00E77079 /* Presenter */,
				890BA94F2BD4F3E600E77079 /* Router */,
			);
			path = UserList;
			sourceTree = "<group>";
		};
		890BA94C2BD4F34B00E77079 /* View */ = {
			isa = PBXGroup;
			children = (
				890BA9562BD4F50800E77079 /* UserListViewController.swift */,
			);
			path = View;
			sourceTree = "<group>";
		};
		890BA94D2BD4F35200E77079 /* Interactor */ = {
			isa = PBXGroup;
			children = (
				890BA95A2BD4F75700E77079 /* UserListInteractor.swift */,
			);
			path = Interactor;
			sourceTree = "<group>";
		};
		890BA94E2BD4F3DB00E77079 /* Presenter */ = {
			isa = PBXGroup;
			children = (
				890BA9582BD4F5D200E77079 /* UserListPresenter.swift */,
			);
			path = Presenter;
			sourceTree = "<group>";
		};
		890BA94F2BD4F3E600E77079 /* Router */ = {
			isa = PBXGroup;
			children = (
				890BA95C2BD4F84A00E77079 /* UserListRouter.swift */,
			);
			path = Router;
			sourceTree = "<group>";
		};
		890BA9502BD4F3F500E77079 /* Entity */ = {
			isa = PBXGroup;
			children = (
				890BA9542BD4F49100E77079 /* User.swift */,
			);
			path = Entity;
			sourceTree = "<group>";
		};
		890BA9512BD4F40A00E77079 /* Protocols */ = {
			isa = PBXGroup;
			children = (
				890BA9522BD4F46A00E77079 /* Protocols.swift */,
			);
			path = Protocols;
			sourceTree = "<group>";
		};
		897E80C52BD532AA00BE5456 /* UserDetail */ = {
			isa = PBXGroup;
			children = (
				897E80CC2BD5336600BE5456 /* Router */,
				897E80C92BD5333000BE5456 /* View */,
				897E80C62BD532B700BE5456 /* Protocols */,
			);
			path = UserDetail;
			sourceTree = "<group>";
		};
		897E80C62BD532B700BE5456 /* Protocols */ = {
			isa = PBXGroup;
			children = (
				897E80C72BD532D500BE5456 /* UserDetailProtocols.swift */,
			);
			path = Protocols;
			sourceTree = "<group>";
		};
		897E80C92BD5333000BE5456 /* View */ = {
			isa = PBXGroup;
			children = (
				897E80CA2BD5334900BE5456 /* UserDetailController.swift */,
			);
			path = View;
			sourceTree = "<group>";
		};
		897E80CC2BD5336600BE5456 /* Router */ = {
			isa = PBXGroup;
			children = (
				897E80CD2BD5337B00BE5456 /* UserDetailsRouter.swift */,
			);
			path = Router;
			sourceTree = "<group>";
		};
/* End PBXGroup section */

/* Begin PBXNativeTarget section */
		890BA9322BD4F24800E77079 /* VIPER-ChatGpt */ = {
			isa = PBXNativeTarget;
			buildConfigurationList = 890BA9472BD4F24A00E77079 /* Build configuration list for PBXNativeTarget "VIPER-ChatGpt" */;
			buildPhases = (
				890BA92F2BD4F24800E77079 /* Sources */,
				890BA9302BD4F24800E77079 /* Frameworks */,
				890BA9312BD4F24800E77079 /* Resources */,
			);
			buildRules = (
			);
			dependencies = (
			);
			name = "VIPER-ChatGpt";
			productName = "VIPER-ChatGpt";
			productReference = 890BA9332BD4F24800E77079 /* VIPER-ChatGpt.app */;
			productType = "com.apple.product-type.application";
		};
/* End PBXNativeTarget section */

/* Begin PBXProject section */
		890BA92B2BD4F24800E77079 /* Project object */ = {
			isa = PBXProject;
			attributes = {
				BuildIndependentTargetsInParallel = 1;
				LastSwiftUpdateCheck = 1500;
				LastUpgradeCheck = 1500;
				TargetAttributes = {
					890BA9322BD4F24800E77079 = {
						CreatedOnToolsVersion = 15.0;
					};
				};
			};
			buildConfigurationList = 890BA92E2BD4F24800E77079 /* Build configuration list for PBXProject "VIPER-ChatGpt" */;
			compatibilityVersion = "Xcode 14.0";
			developmentRegion = en;
			hasScannedForEncodings = 0;
			knownRegions = (
				en,
				Base,
			);
			mainGroup = 890BA92A2BD4F24800E77079;
			productRefGroup = 890BA9342BD4F24800E77079 /* Products */;
			projectDirPath = "";
			projectRoot = "";
			targets = (
				890BA9322BD4F24800E77079 /* VIPER-ChatGpt */,
			);
		};
/* End PBXProject section */

/* Begin PBXResourcesBuildPhase section */
		890BA9312BD4F24800E77079 /* Resources */ = {
			isa = PBXResourcesBuildPhase;
			buildActionMask = 2147483647;
			files = (
				890BA9432BD4F24A00E77079 /* LaunchScreen.storyboard in Resources */,
				890BA9402BD4F24A00E77079 /* Assets.xcassets in Resources */,
			);
			runOnlyForDeploymentPostprocessing = 0;
		};
/* End PBXResourcesBuildPhase section */

/* Begin PBXSourcesBuildPhase section */
		890BA92F2BD4F24800E77079 /* Sources */ = {
			isa = PBXSourcesBuildPhase;
			buildActionMask = 2147483647;
			files = (
				890BA9572BD4F50800E77079 /* UserListViewController.swift in Sources */,
				890BA9592BD4F5D200E77079 /* UserListPresenter.swift in Sources */,
				890BA9552BD4F49100E77079 /* User.swift in Sources */,
				897E80CB2BD5334900BE5456 /* UserDetailController.swift in Sources */,
				897E80C82BD532D500BE5456 /* UserDetailProtocols.swift in Sources */,
				897E80CE2BD5337B00BE5456 /* UserDetailsRouter.swift in Sources */,
				890BA95D2BD4F84A00E77079 /* UserListRouter.swift in Sources */,
				890BA95B2BD4F75700E77079 /* UserListInteractor.swift in Sources */,
				890BA9532BD4F46A00E77079 /* Protocols.swift in Sources */,
				890BA9372BD4F24800E77079 /* AppDelegate.swift in Sources */,
				890BA9392BD4F24800E77079 /* SceneDelegate.swift in Sources */,
			);
			runOnlyForDeploymentPostprocessing = 0;
		};
/* End PBXSourcesBuildPhase section */

/* Begin PBXVariantGroup section */
		890BA9412BD4F24A00E77079 /* LaunchScreen.storyboard */ = {
			isa = PBXVariantGroup;
			children = (
				890BA9422BD4F24A00E77079 /* Base */,
			);
			name = LaunchScreen.storyboard;
			sourceTree = "<group>";
		};
/* End PBXVariantGroup section */

/* Begin XCBuildConfiguration section */
		890BA9452BD4F24A00E77079 /* Debug */ = {
			isa = XCBuildConfiguration;
			buildSettings = {
				ALWAYS_SEARCH_USER_PATHS = NO;
				ASSETCATALOG_COMPILER_GENERATE_SWIFT_ASSET_SYMBOL_EXTENSIONS = YES;
				CLANG_ANALYZER_NONNULL = YES;
				CLANG_ANALYZER_NUMBER_OBJECT_CONVERSION = YES_AGGRESSIVE;
				CLANG_CXX_LANGUAGE_STANDARD = "gnu++20";
				CLANG_ENABLE_MODULES = YES;
				CLANG_ENABLE_OBJC_ARC = YES;
				CLANG_ENABLE_OBJC_WEAK = YES;
				CLANG_WARN_BLOCK_CAPTURE_AUTORELEASING = YES;
				CLANG_WARN_BOOL_CONVERSION = YES;
				CLANG_WARN_COMMA = YES;
				CLANG_WARN_CONSTANT_CONVERSION = YES;
				CLANG_WARN_DEPRECATED_OBJC_IMPLEMENTATIONS = YES;
				CLANG_WARN_DIRECT_OBJC_ISA_USAGE = YES_ERROR;
				CLANG_WARN_DOCUMENTATION_COMMENTS = YES;
				CLANG_WARN_EMPTY_BODY = YES;
				CLANG_WARN_ENUM_CONVERSION = YES;
				CLANG_WARN_INFINITE_RECURSION = YES;
				CLANG_WARN_INT_CONVERSION = YES;
				CLANG_WARN_NON_LITERAL_NULL_CONVERSION = YES;
				CLANG_WARN_OBJC_IMPLICIT_RETAIN_SELF = YES;
				CLANG_WARN_OBJC_LITERAL_CONVERSION = YES;
				CLANG_WARN_OBJC_ROOT_CLASS = YES_ERROR;
				CLANG_WARN_QUOTED_INCLUDE_IN_FRAMEWORK_HEADER = YES;
				CLANG_WARN_RANGE_LOOP_ANALYSIS = YES;
				CLANG_WARN_STRICT_PROTOTYPES = YES;
				CLANG_WARN_SUSPICIOUS_MOVE = YES;
				CLANG_WARN_UNGUARDED_AVAILABILITY = YES_AGGRESSIVE;
				CLANG_WARN_UNREACHABLE_CODE = YES;
				CLANG_WARN__DUPLICATE_METHOD_MATCH = YES;
				COPY_PHASE_STRIP = NO;
				DEBUG_INFORMATION_FORMAT = dwarf;
				ENABLE_STRICT_OBJC_MSGSEND = YES;
				ENABLE_TESTABILITY = YES;
				ENABLE_USER_SCRIPT_SANDBOXING = YES;
				GCC_C_LANGUAGE_STANDARD = gnu17;
				GCC_DYNAMIC_NO_PIC = NO;
				GCC_NO_COMMON_BLOCKS = YES;
				GCC_OPTIMIZATION_LEVEL = 0;
				GCC_PREPROCESSOR_DEFINITIONS = (
					"DEBUG=1",
					"$(inherited)",
				);
				GCC_WARN_64_TO_32_BIT_CONVERSION = YES;
				GCC_WARN_ABOUT_RETURN_TYPE = YES_ERROR;
				GCC_WARN_UNDECLARED_SELECTOR = YES;
				GCC_WARN_UNINITIALIZED_AUTOS = YES_AGGRESSIVE;
				GCC_WARN_UNUSED_FUNCTION = YES;
				GCC_WARN_UNUSED_VARIABLE = YES;
				IPHONEOS_DEPLOYMENT_TARGET = 17.0;
				LOCALIZATION_PREFERS_STRING_CATALOGS = YES;
				MTL_ENABLE_DEBUG_INFO = INCLUDE_SOURCE;
				MTL_FAST_MATH = YES;
				ONLY_ACTIVE_ARCH = YES;
				SDKROOT = iphoneos;
				SWIFT_ACTIVE_COMPILATION_CONDITIONS = "DEBUG $(inherited)";
				SWIFT_OPTIMIZATION_LEVEL = "-Onone";
			};
			name = Debug;
		};
		890BA9462BD4F24A00E77079 /* Release */ = {
			isa = XCBuildConfiguration;
			buildSettings = {
				ALWAYS_SEARCH_USER_PATHS = NO;
				ASSETCATALOG_COMPILER_GENERATE_SWIFT_ASSET_SYMBOL_EXTENSIONS = YES;
				CLANG_ANALYZER_NONNULL = YES;
				CLANG_ANALYZER_NUMBER_OBJECT_CONVERSION = YES_AGGRESSIVE;
				CLANG_CXX_LANGUAGE_STANDARD = "gnu++20";
				CLANG_ENABLE_MODULES = YES;
				CLANG_ENABLE_OBJC_ARC = YES;
				CLANG_ENABLE_OBJC_WEAK = YES;
				CLANG_WARN_BLOCK_CAPTURE_AUTORELEASING = YES;
				CLANG_WARN_BOOL_CONVERSION = YES;
				CLANG_WARN_COMMA = YES;
				CLANG_WARN_CONSTANT_CONVERSION = YES;
				CLANG_WARN_DEPRECATED_OBJC_IMPLEMENTATIONS = YES;
				CLANG_WARN_DIRECT_OBJC_ISA_USAGE = YES_ERROR;
				CLANG_WARN_DOCUMENTATION_COMMENTS = YES;
				CLANG_WARN_EMPTY_BODY = YES;
				CLANG_WARN_ENUM_CONVERSION = YES;
				CLANG_WARN_INFINITE_RECURSION = YES;
				CLANG_WARN_INT_CONVERSION = YES;
				CLANG_WARN_NON_LITERAL_NULL_CONVERSION = YES;
				CLANG_WARN_OBJC_IMPLICIT_RETAIN_SELF = YES;
				CLANG_WARN_OBJC_LITERAL_CONVERSION = YES;
				CLANG_WARN_OBJC_ROOT_CLASS = YES_ERROR;
				CLANG_WARN_QUOTED_INCLUDE_IN_FRAMEWORK_HEADER = YES;
				CLANG_WARN_RANGE_LOOP_ANALYSIS = YES;
				CLANG_WARN_STRICT_PROTOTYPES = YES;
				CLANG_WARN_SUSPICIOUS_MOVE = YES;
				CLANG_WARN_UNGUARDED_AVAILABILITY = YES_AGGRESSIVE;
				CLANG_WARN_UNREACHABLE_CODE = YES;
				CLANG_WARN__DUPLICATE_METHOD_MATCH = YES;
				COPY_PHASE_STRIP = NO;
				DEBUG_INFORMATION_FORMAT = "dwarf-with-dsym";
				ENABLE_NS_ASSERTIONS = NO;
				ENABLE_STRICT_OBJC_MSGSEND = YES;
				ENABLE_USER_SCRIPT_SANDBOXING = YES;
				GCC_C_LANGUAGE_STANDARD = gnu17;
				GCC_NO_COMMON_BLOCKS = YES;
				GCC_WARN_64_TO_32_BIT_CONVERSION = YES;
				GCC_WARN_ABOUT_RETURN_TYPE = YES_ERROR;
				GCC_WARN_UNDECLARED_SELECTOR = YES;
				GCC_WARN_UNINITIALIZED_AUTOS = YES_AGGRESSIVE;
				GCC_WARN_UNUSED_FUNCTION = YES;
				GCC_WARN_UNUSED_VARIABLE = YES;
				IPHONEOS_DEPLOYMENT_TARGET = 17.0;
				LOCALIZATION_PREFERS_STRING_CATALOGS = YES;
				MTL_ENABLE_DEBUG_INFO = NO;
				MTL_FAST_MATH = YES;
				SDKROOT = iphoneos;
				SWIFT_COMPILATION_MODE = wholemodule;
				VALIDATE_PRODUCT = YES;
			};
			name = Release;
		};
		890BA9482BD4F24A00E77079 /* Debug */ = {
			isa = XCBuildConfiguration;
			buildSettings = {
				ASSETCATALOG_COMPILER_APPICON_NAME = AppIcon;
				ASSETCATALOG_COMPILER_GLOBAL_ACCENT_COLOR_NAME = AccentColor;
				CODE_SIGN_STYLE = Automatic;
				CURRENT_PROJECT_VERSION = 1;
				GENERATE_INFOPLIST_FILE = YES;
				INFOPLIST_FILE = "VIPER-ChatGpt/Info.plist";
				INFOPLIST_KEY_UIApplicationSupportsIndirectInputEvents = YES;
				INFOPLIST_KEY_UILaunchStoryboardName = LaunchScreen;
				INFOPLIST_KEY_UISupportedInterfaceOrientations_iPad = "UIInterfaceOrientationPortrait UIInterfaceOrientationPortraitUpsideDown UIInterfaceOrientationLandscapeLeft UIInterfaceOrientationLandscapeRight";
				INFOPLIST_KEY_UISupportedInterfaceOrientations_iPhone = "UIInterfaceOrientationPortrait UIInterfaceOrientationLandscapeLeft UIInterfaceOrientationLandscapeRight";
				LD_RUNPATH_SEARCH_PATHS = (
					"$(inherited)",
					"@executable_path/Frameworks",
				);
				MARKETING_VERSION = 1.0;
				PRODUCT_BUNDLE_IDENTIFIER = "AppCoding.VIPER-ChatGpt";
				PRODUCT_NAME = "$(TARGET_NAME)";
				SWIFT_EMIT_LOC_STRINGS = YES;
				SWIFT_VERSION = 5.0;
				TARGETED_DEVICE_FAMILY = "1,2";
			};
			name = Debug;
		};
		890BA9492BD4F24A00E77079 /* Release */ = {
			isa = XCBuildConfiguration;
			buildSettings = {
				ASSETCATALOG_COMPILER_APPICON_NAME = AppIcon;
				ASSETCATALOG_COMPILER_GLOBAL_ACCENT_COLOR_NAME = AccentColor;
				CODE_SIGN_STYLE = Automatic;
				CURRENT_PROJECT_VERSION = 1;
				GENERATE_INFOPLIST_FILE = YES;
				INFOPLIST_FILE = "VIPER-ChatGpt/Info.plist";
				INFOPLIST_KEY_UIApplicationSupportsIndirectInputEvents = YES;
				INFOPLIST_KEY_UILaunchStoryboardName = LaunchScreen;
				INFOPLIST_KEY_UISupportedInterfaceOrientations_iPad = "UIInterfaceOrientationPortrait UIInterfaceOrientationPortraitUpsideDown UIInterfaceOrientationLandscapeLeft UIInterfaceOrientationLandscapeRight";
				INFOPLIST_KEY_UISupportedInterfaceOrientations_iPhone = "UIInterfaceOrientationPortrait UIInterfaceOrientationLandscapeLeft UIInterfaceOrientationLandscapeRight";
				LD_RUNPATH_SEARCH_PATHS = (
					"$(inherited)",
					"@executable_path/Frameworks",
				);
				MARKETING_VERSION = 1.0;
				PRODUCT_BUNDLE_IDENTIFIER = "AppCoding.VIPER-ChatGpt";
				PRODUCT_NAME = "$(TARGET_NAME)";
				SWIFT_EMIT_LOC_STRINGS = YES;
				SWIFT_VERSION = 5.0;
				TARGETED_DEVICE_FAMILY = "1,2";
			};
			name = Release;
		};
/* End XCBuildConfiguration section */

/* Begin XCConfigurationList section */
		890BA92E2BD4F24800E77079 /* Build configuration list for PBXProject "VIPER-ChatGpt" */ = {
			isa = XCConfigurationList;
			buildConfigurations = (
				890BA9452BD4F24A00E77079 /* Debug */,
				890BA9462BD4F24A00E77079 /* Release */,
			);
			defaultConfigurationIsVisible = 0;
			defaultConfigurationName = Release;
		};
		890BA9472BD4F24A00E77079 /* Build configuration list for PBXNativeTarget "VIPER-ChatGpt" */ = {
			isa = XCConfigurationList;
			buildConfigurations = (
				890BA9482BD4F24A00E77079 /* Debug */,
				890BA9492BD4F24A00E77079 /* Release */,
			);
			defaultConfigurationIsVisible = 0;
			defaultConfigurationName = Release;
		};
/* End XCConfigurationList section */
	};
	rootObject = 890BA92B2BD4F24800E77079 /* Project object */;
}
